// !$*UTF8*$!
{
	archiveVersion = 1;
	classes = {
	};
	objectVersion = 48;
	objects = {

/* Begin PBXBuildFile section */
		4804FD241FFE61C000819901 /* GetCurrentTrackApp.m in Sources */ = {isa = PBXBuildFile; fileRef = 4804FD231FFE61C000819901 /* GetCurrentTrackApp.m */; };
		4813171A234E7B0700D21C97 /* MusicPlayer.m in Sources */ = {isa = PBXBuildFile; fileRef = 48131719234E7B0700D21C97 /* MusicPlayer.m */; };
		48131722234E7BC000D21C97 /* GetState.mm in Sources */ = {isa = PBXBuildFile; fileRef = 4813171F234E7BC000D21C97 /* GetState.mm */; };
		48131723234E7BC000D21C97 /* GetCurrentTrack.mm in Sources */ = {isa = PBXBuildFile; fileRef = 48131720234E7BC000D21C97 /* GetCurrentTrack.mm */; };
		48131724234E7BC000D21C97 /* GetArtwork.mm in Sources */ = {isa = PBXBuildFile; fileRef = 48131721234E7BC000D21C97 /* GetArtwork.mm */; };
		485716781FFC2A9C00C2AE7F /* main.m in Sources */ = {isa = PBXBuildFile; fileRef = 485716771FFC2A9C00C2AE7F /* main.m */; };
		485716891FFC306B00C2AE7F /* SpotifyPlayer.m in Sources */ = {isa = PBXBuildFile; fileRef = 485716881FFC306B00C2AE7F /* SpotifyPlayer.m */; };
		4857168C1FFC4BC100C2AE7F /* iTunesPlayer.m in Sources */ = {isa = PBXBuildFile; fileRef = 4857168B1FFC4BC100C2AE7F /* iTunesPlayer.m */; };
		4857168F1FFC549100C2AE7F /* VOXPlayer.m in Sources */ = {isa = PBXBuildFile; fileRef = 4857168E1FFC549100C2AE7F /* VOXPlayer.m */; };
		485D3AF3216E2538002986AF /* ServerSocket.m in Sources */ = {isa = PBXBuildFile; fileRef = 485D3AF2216E2538002986AF /* ServerSocket.m */; };
		485D3AF6216E25B5002986AF /* ClientSocket.m in Sources */ = {isa = PBXBuildFile; fileRef = 485D3AF5216E25B5002986AF /* ClientSocket.m */; };
		485D3AF9216E344D002986AF /* HTTPServer.m in Sources */ = {isa = PBXBuildFile; fileRef = 485D3AF8216E344D002986AF /* HTTPServer.m */; };
		485D3AFC216E4860002986AF /* HTTPResponse.m in Sources */ = {isa = PBXBuildFile; fileRef = 485D3AFB216E4860002986AF /* HTTPResponse.m */; };
		485D3B00216E8A26002986AF /* NSDictionary+CaseInsensitive.m in Sources */ = {isa = PBXBuildFile; fileRef = 485D3AFF216E8A26002986AF /* NSDictionary+CaseInsensitive.m */; };
		485D3B03216E8A75002986AF /* PathRouter.m in Sources */ = {isa = PBXBuildFile; fileRef = 485D3B02216E8A75002986AF /* PathRouter.m */; };
		4874BA8A2172213C00AAAAC0 /* GetCurrentTrackCache.m in Sources */ = {isa = PBXBuildFile; fileRef = 4874BA892172213C00AAAAC0 /* GetCurrentTrackCache.m */; };
		488CC8ED21713DD7002F814D /* InMemoryCache.m in Sources */ = {isa = PBXBuildFile; fileRef = 488CC8EC21713DD7002F814D /* InMemoryCache.m */; };
		48F7F6D3216D2CDD0030B45F /* GetCurrentTrack.mm in Sources */ = {isa = PBXBuildFile; fileRef = 48F7F6D2216D2CDD0030B45F /* GetCurrentTrack.mm */; };
		48F7F6D6216D2D450030B45F /* GetArtwork.mm in Sources */ = {isa = PBXBuildFile; fileRef = 48F7F6D5216D2D450030B45F /* GetArtwork.mm */; };
		48F7F6DA216D2F660030B45F /* GetState.mm in Sources */ = {isa = PBXBuildFile; fileRef = 48F7F6D9216D2F660030B45F /* GetState.mm */; };
		48F7F6DC216D36BD0030B45F /* ParsePseudoYaml.m in Sources */ = {isa = PBXBuildFile; fileRef = 48F7F6DB216D36BD0030B45F /* ParsePseudoYaml.m */; };
		48F7F6DE216D4CBF0030B45F /* Player.m in Sources */ = {isa = PBXBuildFile; fileRef = 48F7F6DD216D4CBF0030B45F /* Player.m */; };
		48F7F6E7216D593A0030B45F /* GetState.mm in Sources */ = {isa = PBXBuildFile; fileRef = 48F7F6E1216D593A0030B45F /* GetState.mm */; };
		48F7F6E8216D593A0030B45F /* GetCurrentTrack.mm in Sources */ = {isa = PBXBuildFile; fileRef = 48F7F6E3216D593A0030B45F /* GetCurrentTrack.mm */; };
		48F7F6E9216D593A0030B45F /* GetArtwork.mm in Sources */ = {isa = PBXBuildFile; fileRef = 48F7F6E4216D593A0030B45F /* GetArtwork.mm */; };
		48F7F6F0216D5CE20030B45F /* GetState.mm in Sources */ = {isa = PBXBuildFile; fileRef = 48F7F6EA216D5CE10030B45F /* GetState.mm */; };
		48F7F6F1216D5CE20030B45F /* GetArtwork.mm in Sources */ = {isa = PBXBuildFile; fileRef = 48F7F6EC216D5CE10030B45F /* GetArtwork.mm */; };
		48F7F6F2216D5CE20030B45F /* GetCurrentTrack.mm in Sources */ = {isa = PBXBuildFile; fileRef = 48F7F6EE216D5CE20030B45F /* GetCurrentTrack.mm */; };
/* End PBXBuildFile section */

/* Begin PBXCopyFilesBuildPhase section */
		485716721FFC2A9C00C2AE7F /* CopyFiles */ = {
			isa = PBXCopyFilesBuildPhase;
			buildActionMask = 2147483647;
			dstPath = /usr/share/man/man1/;
			dstSubfolderSpec = 0;
			files = (
			);
			runOnlyForDeploymentPostprocessing = 1;
		};
/* End PBXCopyFilesBuildPhase section */

/* Begin PBXFileReference section */
		4804FD221FFE61C000819901 /* GetCurrentTrackApp.h */ = {isa = PBXFileReference; lastKnownFileType = sourcecode.c.h; path = GetCurrentTrackApp.h; sourceTree = "<group>"; };
		4804FD231FFE61C000819901 /* GetCurrentTrackApp.m */ = {isa = PBXFileReference; lastKnownFileType = sourcecode.c.objc; path = GetCurrentTrackApp.m; sourceTree = "<group>"; };
		48131718234E7B0700D21C97 /* MusicPlayer.h */ = {isa = PBXFileReference; lastKnownFileType = sourcecode.c.h; path = MusicPlayer.h; sourceTree = "<group>"; };
		48131719234E7B0700D21C97 /* MusicPlayer.m */ = {isa = PBXFileReference; lastKnownFileType = sourcecode.c.objc; path = MusicPlayer.m; sourceTree = "<group>"; };
		4813171C234E7BC000D21C97 /* GetArtwork.h */ = {isa = PBXFileReference; fileEncoding = 4; lastKnownFileType = sourcecode.c.h; path = GetArtwork.h; sourceTree = "<group>"; };
		4813171D234E7BC000D21C97 /* GetState.h */ = {isa = PBXFileReference; fileEncoding = 4; lastKnownFileType = sourcecode.c.h; path = GetState.h; sourceTree = "<group>"; };
		4813171E234E7BC000D21C97 /* GetCurrentTrack.h */ = {isa = PBXFileReference; fileEncoding = 4; lastKnownFileType = sourcecode.c.h; path = GetCurrentTrack.h; sourceTree = "<group>"; };
		4813171F234E7BC000D21C97 /* GetState.mm */ = {isa = PBXFileReference; fileEncoding = 4; lastKnownFileType = sourcecode.cpp.objcpp; path = GetState.mm; sourceTree = "<group>"; };
		48131720234E7BC000D21C97 /* GetCurrentTrack.mm */ = {isa = PBXFileReference; fileEncoding = 4; lastKnownFileType = sourcecode.cpp.objcpp; path = GetCurrentTrack.mm; sourceTree = "<group>"; };
		48131721234E7BC000D21C97 /* GetArtwork.mm */ = {isa = PBXFileReference; fileEncoding = 4; lastKnownFileType = sourcecode.cpp.objcpp; path = GetArtwork.mm; sourceTree = "<group>"; };
		485716741FFC2A9C00C2AE7F /* GetCurrentTrack */ = {isa = PBXFileReference; explicitFileType = "compiled.mach-o.executable"; includeInIndex = 0; path = GetCurrentTrack; sourceTree = BUILT_PRODUCTS_DIR; };
		485716771FFC2A9C00C2AE7F /* main.m */ = {isa = PBXFileReference; lastKnownFileType = sourcecode.c.objc; path = main.m; sourceTree = "<group>"; };
		485716861FFC2EC900C2AE7F /* Player.h */ = {isa = PBXFileReference; lastKnownFileType = sourcecode.c.h; path = Player.h; sourceTree = "<group>"; };
		485716871FFC306B00C2AE7F /* SpotifyPlayer.h */ = {isa = PBXFileReference; lastKnownFileType = sourcecode.c.h; path = SpotifyPlayer.h; sourceTree = "<group>"; };
		485716881FFC306B00C2AE7F /* SpotifyPlayer.m */ = {isa = PBXFileReference; lastKnownFileType = sourcecode.c.objc; path = SpotifyPlayer.m; sourceTree = "<group>"; };
		4857168A1FFC4BC100C2AE7F /* iTunesPlayer.h */ = {isa = PBXFileReference; lastKnownFileType = sourcecode.c.h; path = iTunesPlayer.h; sourceTree = "<group>"; };
		4857168B1FFC4BC100C2AE7F /* iTunesPlayer.m */ = {isa = PBXFileReference; lastKnownFileType = sourcecode.c.objc; path = iTunesPlayer.m; sourceTree = "<group>"; };
		4857168D1FFC549100C2AE7F /* VOXPlayer.h */ = {isa = PBXFileReference; lastKnownFileType = sourcecode.c.h; path = VOXPlayer.h; sourceTree = "<group>"; };
		4857168E1FFC549100C2AE7F /* VOXPlayer.m */ = {isa = PBXFileReference; lastKnownFileType = sourcecode.c.objc; path = VOXPlayer.m; sourceTree = "<group>"; };
		485D3AF1216E2538002986AF /* ServerSocket.h */ = {isa = PBXFileReference; lastKnownFileType = sourcecode.c.h; path = ServerSocket.h; sourceTree = "<group>"; };
		485D3AF2216E2538002986AF /* ServerSocket.m */ = {isa = PBXFileReference; lastKnownFileType = sourcecode.c.objc; path = ServerSocket.m; sourceTree = "<group>"; };
		485D3AF4216E25B5002986AF /* ClientSocket.h */ = {isa = PBXFileReference; lastKnownFileType = sourcecode.c.h; path = ClientSocket.h; sourceTree = "<group>"; };
		485D3AF5216E25B5002986AF /* ClientSocket.m */ = {isa = PBXFileReference; lastKnownFileType = sourcecode.c.objc; path = ClientSocket.m; sourceTree = "<group>"; };
		485D3AF7216E344D002986AF /* HTTPServer.h */ = {isa = PBXFileReference; lastKnownFileType = sourcecode.c.h; path = HTTPServer.h; sourceTree = "<group>"; };
		485D3AF8216E344D002986AF /* HTTPServer.m */ = {isa = PBXFileReference; lastKnownFileType = sourcecode.c.objc; path = HTTPServer.m; sourceTree = "<group>"; };
		485D3AFA216E4860002986AF /* HTTPResponse.h */ = {isa = PBXFileReference; lastKnownFileType = sourcecode.c.h; path = HTTPResponse.h; sourceTree = "<group>"; };
		485D3AFB216E4860002986AF /* HTTPResponse.m */ = {isa = PBXFileReference; lastKnownFileType = sourcecode.c.objc; path = HTTPResponse.m; sourceTree = "<group>"; };
		485D3AFE216E8A26002986AF /* NSDictionary+CaseInsensitive.h */ = {isa = PBXFileReference; lastKnownFileType = sourcecode.c.h; path = "NSDictionary+CaseInsensitive.h"; sourceTree = "<group>"; };
		485D3AFF216E8A26002986AF /* NSDictionary+CaseInsensitive.m */ = {isa = PBXFileReference; lastKnownFileType = sourcecode.c.objc; path = "NSDictionary+CaseInsensitive.m"; sourceTree = "<group>"; };
		485D3B01216E8A75002986AF /* PathRouter.h */ = {isa = PBXFileReference; lastKnownFileType = sourcecode.c.h; path = PathRouter.h; sourceTree = "<group>"; };
		485D3B02216E8A75002986AF /* PathRouter.m */ = {isa = PBXFileReference; lastKnownFileType = sourcecode.c.objc; path = PathRouter.m; sourceTree = "<group>"; };
		4874BA882172213C00AAAAC0 /* GetCurrentTrackCache.h */ = {isa = PBXFileReference; lastKnownFileType = sourcecode.c.h; path = GetCurrentTrackCache.h; sourceTree = "<group>"; };
		4874BA892172213C00AAAAC0 /* GetCurrentTrackCache.m */ = {isa = PBXFileReference; lastKnownFileType = sourcecode.c.objc; path = GetCurrentTrackCache.m; sourceTree = "<group>"; };
		488CC8EB21713DD7002F814D /* InMemoryCache.h */ = {isa = PBXFileReference; lastKnownFileType = sourcecode.c.h; path = InMemoryCache.h; sourceTree = "<group>"; };
		488CC8EC21713DD7002F814D /* InMemoryCache.m */ = {isa = PBXFileReference; lastKnownFileType = sourcecode.c.objc; path = InMemoryCache.m; sourceTree = "<group>"; };
		48F7F6D1216D2CDD0030B45F /* GetCurrentTrack.h */ = {isa = PBXFileReference; lastKnownFileType = sourcecode.c.h; path = GetCurrentTrack.h; sourceTree = "<group>"; };
		48F7F6D2216D2CDD0030B45F /* GetCurrentTrack.mm */ = {isa = PBXFileReference; lastKnownFileType = sourcecode.cpp.objcpp; path = GetCurrentTrack.mm; sourceTree = "<group>"; };
		48F7F6D4216D2D450030B45F /* GetArtwork.h */ = {isa = PBXFileReference; lastKnownFileType = sourcecode.c.h; path = GetArtwork.h; sourceTree = "<group>"; };
		48F7F6D5216D2D450030B45F /* GetArtwork.mm */ = {isa = PBXFileReference; lastKnownFileType = sourcecode.cpp.objcpp; path = GetArtwork.mm; sourceTree = "<group>"; };
		48F7F6D8216D2F660030B45F /* GetState.h */ = {isa = PBXFileReference; lastKnownFileType = sourcecode.c.h; path = GetState.h; sourceTree = "<group>"; };
		48F7F6D9216D2F660030B45F /* GetState.mm */ = {isa = PBXFileReference; lastKnownFileType = sourcecode.cpp.objcpp; path = GetState.mm; sourceTree = "<group>"; };
		48F7F6DB216D36BD0030B45F /* ParsePseudoYaml.m */ = {isa = PBXFileReference; lastKnownFileType = sourcecode.c.objc; path = ParsePseudoYaml.m; sourceTree = "<group>"; };
		48F7F6DD216D4CBF0030B45F /* Player.m */ = {isa = PBXFileReference; lastKnownFileType = sourcecode.c.objc; path = Player.m; sourceTree = "<group>"; };
		48F7F6E1216D593A0030B45F /* GetState.mm */ = {isa = PBXFileReference; fileEncoding = 4; lastKnownFileType = sourcecode.cpp.objcpp; path = GetState.mm; sourceTree = "<group>"; };
		48F7F6E2216D593A0030B45F /* GetState.h */ = {isa = PBXFileReference; fileEncoding = 4; lastKnownFileType = sourcecode.c.h; path = GetState.h; sourceTree = "<group>"; };
		48F7F6E3216D593A0030B45F /* GetCurrentTrack.mm */ = {isa = PBXFileReference; fileEncoding = 4; lastKnownFileType = sourcecode.cpp.objcpp; path = GetCurrentTrack.mm; sourceTree = "<group>"; };
		48F7F6E4216D593A0030B45F /* GetArtwork.mm */ = {isa = PBXFileReference; fileEncoding = 4; lastKnownFileType = sourcecode.cpp.objcpp; path = GetArtwork.mm; sourceTree = "<group>"; };
		48F7F6E5216D593A0030B45F /* GetCurrentTrack.h */ = {isa = PBXFileReference; fileEncoding = 4; lastKnownFileType = sourcecode.c.h; path = GetCurrentTrack.h; sourceTree = "<group>"; };
		48F7F6E6216D593A0030B45F /* GetArtwork.h */ = {isa = PBXFileReference; fileEncoding = 4; lastKnownFileType = sourcecode.c.h; path = GetArtwork.h; sourceTree = "<group>"; };
		48F7F6EA216D5CE10030B45F /* GetState.mm */ = {isa = PBXFileReference; fileEncoding = 4; lastKnownFileType = sourcecode.cpp.objcpp; path = GetState.mm; sourceTree = "<group>"; };
		48F7F6EB216D5CE10030B45F /* GetArtwork.h */ = {isa = PBXFileReference; fileEncoding = 4; lastKnownFileType = sourcecode.c.h; path = GetArtwork.h; sourceTree = "<group>"; };
		48F7F6EC216D5CE10030B45F /* GetArtwork.mm */ = {isa = PBXFileReference; fileEncoding = 4; lastKnownFileType = sourcecode.cpp.objcpp; path = GetArtwork.mm; sourceTree = "<group>"; };
		48F7F6ED216D5CE20030B45F /* GetCurrentTrack.h */ = {isa = PBXFileReference; fileEncoding = 4; lastKnownFileType = sourcecode.c.h; path = GetCurrentTrack.h; sourceTree = "<group>"; };
		48F7F6EE216D5CE20030B45F /* GetCurrentTrack.mm */ = {isa = PBXFileReference; fileEncoding = 4; lastKnownFileType = sourcecode.cpp.objcpp; path = GetCurrentTrack.mm; sourceTree = "<group>"; };
		48F7F6EF216D5CE20030B45F /* GetState.h */ = {isa = PBXFileReference; fileEncoding = 4; lastKnownFileType = sourcecode.c.h; path = GetState.h; sourceTree = "<group>"; };
/* End PBXFileReference section */

/* Begin PBXFrameworksBuildPhase section */
		485716711FFC2A9C00C2AE7F /* Frameworks */ = {
			isa = PBXFrameworksBuildPhase;
			buildActionMask = 2147483647;
			files = (
			);
			runOnlyForDeploymentPostprocessing = 0;
		};
/* End PBXFrameworksBuildPhase section */

/* Begin PBXGroup section */
		4813171B234E7B6A00D21C97 /* Music */ = {
			isa = PBXGroup;
			children = (
				4813171C234E7BC000D21C97 /* GetArtwork.h */,
				48131721234E7BC000D21C97 /* GetArtwork.mm */,
				4813171E234E7BC000D21C97 /* GetCurrentTrack.h */,
				48131720234E7BC000D21C97 /* GetCurrentTrack.mm */,
				4813171D234E7BC000D21C97 /* GetState.h */,
				4813171F234E7BC000D21C97 /* GetState.mm */,
			);
			path = Music;
			sourceTree = "<group>";
		};
		4857166B1FFC2A9B00C2AE7F = {
			isa = PBXGroup;
			children = (
				485716761FFC2A9C00C2AE7F /* GetCurrentTrack */,
				485716751FFC2A9C00C2AE7F /* Products */,
				4857167E1FFC2D8500C2AE7F /* Frameworks */,
			);
			sourceTree = "<group>";
		};
		485716751FFC2A9C00C2AE7F /* Products */ = {
			isa = PBXGroup;
			children = (
				485716741FFC2A9C00C2AE7F /* GetCurrentTrack */,
			);
			name = Products;
			sourceTree = "<group>";
		};
		485716761FFC2A9C00C2AE7F /* GetCurrentTrack */ = {
			isa = PBXGroup;
			children = (
				485D3AFD216E89FA002986AF /* Utils */,
				485D3AF0216E23EE002986AF /* Network */,
				48F7F6D0216D2C580030B45F /* Scripts */,
				485716851FFC2E9800C2AE7F /* Players */,
				485716771FFC2A9C00C2AE7F /* main.m */,
				4804FD221FFE61C000819901 /* GetCurrentTrackApp.h */,
				4804FD231FFE61C000819901 /* GetCurrentTrackApp.m */,
				4874BA882172213C00AAAAC0 /* GetCurrentTrackCache.h */,
				4874BA892172213C00AAAAC0 /* GetCurrentTrackCache.m */,
			);
			path = GetCurrentTrack;
			sourceTree = "<group>";
		};
		4857167E1FFC2D8500C2AE7F /* Frameworks */ = {
			isa = PBXGroup;
			children = (
			);
			name = Frameworks;
			sourceTree = "<group>";
		};
		485716851FFC2E9800C2AE7F /* Players */ = {
			isa = PBXGroup;
			children = (
				485716861FFC2EC900C2AE7F /* Player.h */,
				48F7F6DD216D4CBF0030B45F /* Player.m */,
				485716871FFC306B00C2AE7F /* SpotifyPlayer.h */,
				485716881FFC306B00C2AE7F /* SpotifyPlayer.m */,
				4857168A1FFC4BC100C2AE7F /* iTunesPlayer.h */,
				4857168B1FFC4BC100C2AE7F /* iTunesPlayer.m */,
				4857168D1FFC549100C2AE7F /* VOXPlayer.h */,
				4857168E1FFC549100C2AE7F /* VOXPlayer.m */,
				48131718234E7B0700D21C97 /* MusicPlayer.h */,
				48131719234E7B0700D21C97 /* MusicPlayer.m */,
			);
			path = Players;
			sourceTree = "<group>";
		};
		485D3AF0216E23EE002986AF /* Network */ = {
			isa = PBXGroup;
			children = (
				485D3AF1216E2538002986AF /* ServerSocket.h */,
				485D3AF2216E2538002986AF /* ServerSocket.m */,
				485D3AF4216E25B5002986AF /* ClientSocket.h */,
				485D3AF5216E25B5002986AF /* ClientSocket.m */,
				485D3AF7216E344D002986AF /* HTTPServer.h */,
				485D3AF8216E344D002986AF /* HTTPServer.m */,
				485D3AFA216E4860002986AF /* HTTPResponse.h */,
				485D3AFB216E4860002986AF /* HTTPResponse.m */,
			);
			path = Network;
			sourceTree = "<group>";
		};
		485D3AFD216E89FA002986AF /* Utils */ = {
			isa = PBXGroup;
			children = (
				485D3AFE216E8A26002986AF /* NSDictionary+CaseInsensitive.h */,
				485D3AFF216E8A26002986AF /* NSDictionary+CaseInsensitive.m */,
				485D3B01216E8A75002986AF /* PathRouter.h */,
				485D3B02216E8A75002986AF /* PathRouter.m */,
				488CC8EB21713DD7002F814D /* InMemoryCache.h */,
				488CC8EC21713DD7002F814D /* InMemoryCache.m */,
			);
			path = Utils;
			sourceTree = "<group>";
		};
		48F7F6D0216D2C580030B45F /* Scripts */ = {
			isa = PBXGroup;
			children = (
				4813171B234E7B6A00D21C97 /* Music */,
				48F7F6E0216D58EA0030B45F /* VOX */,
				48F7F6DF216D517F0030B45F /* Spotify */,
				48F7F6D7216D2D4A0030B45F /* iTunes */,
				48F7F6DB216D36BD0030B45F /* ParsePseudoYaml.m */,
			);
			path = Scripts;
			sourceTree = "<group>";
		};
		48F7F6D7216D2D4A0030B45F /* iTunes */ = {
			isa = PBXGroup;
			children = (
				48F7F6D1216D2CDD0030B45F /* GetCurrentTrack.h */,
				48F7F6D2216D2CDD0030B45F /* GetCurrentTrack.mm */,
				48F7F6D4216D2D450030B45F /* GetArtwork.h */,
				48F7F6D5216D2D450030B45F /* GetArtwork.mm */,
				48F7F6D8216D2F660030B45F /* GetState.h */,
				48F7F6D9216D2F660030B45F /* GetState.mm */,
			);
			path = iTunes;
			sourceTree = "<group>";
		};
		48F7F6DF216D517F0030B45F /* Spotify */ = {
			isa = PBXGroup;
			children = (
				48F7F6EB216D5CE10030B45F /* GetArtwork.h */,
				48F7F6EC216D5CE10030B45F /* GetArtwork.mm */,
				48F7F6ED216D5CE20030B45F /* GetCurrentTrack.h */,
				48F7F6EE216D5CE20030B45F /* GetCurrentTrack.mm */,
				48F7F6EF216D5CE20030B45F /* GetState.h */,
				48F7F6EA216D5CE10030B45F /* GetState.mm */,
			);
			path = Spotify;
			sourceTree = "<group>";
		};
		48F7F6E0216D58EA0030B45F /* VOX */ = {
			isa = PBXGroup;
			children = (
				48F7F6E6216D593A0030B45F /* GetArtwork.h */,
				48F7F6E4216D593A0030B45F /* GetArtwork.mm */,
				48F7F6E5216D593A0030B45F /* GetCurrentTrack.h */,
				48F7F6E3216D593A0030B45F /* GetCurrentTrack.mm */,
				48F7F6E2216D593A0030B45F /* GetState.h */,
				48F7F6E1216D593A0030B45F /* GetState.mm */,
			);
			path = VOX;
			sourceTree = "<group>";
		};
/* End PBXGroup section */

/* Begin PBXNativeTarget section */
		485716731FFC2A9C00C2AE7F /* GetCurrentTrack */ = {
			isa = PBXNativeTarget;
			buildConfigurationList = 4857167B1FFC2A9C00C2AE7F /* Build configuration list for PBXNativeTarget "GetCurrentTrack" */;
			buildPhases = (
				485716701FFC2A9C00C2AE7F /* Sources */,
				485716711FFC2A9C00C2AE7F /* Frameworks */,
				485716721FFC2A9C00C2AE7F /* CopyFiles */,
			);
			buildRules = (
			);
			dependencies = (
			);
			name = GetCurrentTrack;
			productName = GetCurrentTrack;
			productReference = 485716741FFC2A9C00C2AE7F /* GetCurrentTrack */;
			productType = "com.apple.product-type.tool";
		};
/* End PBXNativeTarget section */

/* Begin PBXProject section */
		4857166C1FFC2A9B00C2AE7F /* Project object */ = {
			isa = PBXProject;
			attributes = {
				LastUpgradeCheck = 0930;
				ORGANIZATIONNAME = "Melchor Garau Madrigal";
				TargetAttributes = {
					485716731FFC2A9C00C2AE7F = {
						CreatedOnToolsVersion = 9.2;
						ProvisioningStyle = Automatic;
					};
				};
			};
			buildConfigurationList = 4857166F1FFC2A9B00C2AE7F /* Build configuration list for PBXProject "GetCurrentTrack" */;
			compatibilityVersion = "Xcode 8.0";
			developmentRegion = en;
			hasScannedForEncodings = 0;
			knownRegions = (
				en,
			);
			mainGroup = 4857166B1FFC2A9B00C2AE7F;
			productRefGroup = 485716751FFC2A9C00C2AE7F /* Products */;
			projectDirPath = "";
			projectRoot = "";
			targets = (
				485716731FFC2A9C00C2AE7F /* GetCurrentTrack */,
			);
		};
/* End PBXProject section */

/* Begin PBXSourcesBuildPhase section */
		485716701FFC2A9C00C2AE7F /* Sources */ = {
			isa = PBXSourcesBuildPhase;
			buildActionMask = 2147483647;
			files = (
				4813171A234E7B0700D21C97 /* MusicPlayer.m in Sources */,
				48131723234E7BC000D21C97 /* GetCurrentTrack.mm in Sources */,
				485D3AFC216E4860002986AF /* HTTPResponse.m in Sources */,
				48F7F6F0216D5CE20030B45F /* GetState.mm in Sources */,
				4857168F1FFC549100C2AE7F /* VOXPlayer.m in Sources */,
				48F7F6F2216D5CE20030B45F /* GetCurrentTrack.mm in Sources */,
				485716781FFC2A9C00C2AE7F /* main.m in Sources */,
				485D3B03216E8A75002986AF /* PathRouter.m in Sources */,
				485D3B00216E8A26002986AF /* NSDictionary+CaseInsensitive.m in Sources */,
				4857168C1FFC4BC100C2AE7F /* iTunesPlayer.m in Sources */,
				485D3AF6216E25B5002986AF /* ClientSocket.m in Sources */,
				4804FD241FFE61C000819901 /* GetCurrentTrackApp.m in Sources */,
				485D3AF3216E2538002986AF /* ServerSocket.m in Sources */,
				48131722234E7BC000D21C97 /* GetState.mm in Sources */,
				485D3AF9216E344D002986AF /* HTTPServer.m in Sources */,
				48F7F6DE216D4CBF0030B45F /* Player.m in Sources */,
				485716891FFC306B00C2AE7F /* SpotifyPlayer.m in Sources */,
				48F7F6D6216D2D450030B45F /* GetArtwork.mm in Sources */,
				48F7F6DC216D36BD0030B45F /* ParsePseudoYaml.m in Sources */,
				488CC8ED21713DD7002F814D /* InMemoryCache.m in Sources */,
				48F7F6D3216D2CDD0030B45F /* GetCurrentTrack.mm in Sources */,
				48F7F6F1216D5CE20030B45F /* GetArtwork.mm in Sources */,
				48F7F6E9216D593A0030B45F /* GetArtwork.mm in Sources */,
				48131724234E7BC000D21C97 /* GetArtwork.mm in Sources */,
				48F7F6DA216D2F660030B45F /* GetState.mm in Sources */,
				4874BA8A2172213C00AAAAC0 /* GetCurrentTrackCache.m in Sources */,
				48F7F6E8216D593A0030B45F /* GetCurrentTrack.mm in Sources */,
				48F7F6E7216D593A0030B45F /* GetState.mm in Sources */,
			);
			runOnlyForDeploymentPostprocessing = 0;
		};
/* End PBXSourcesBuildPhase section */

/* Begin XCBuildConfiguration section */
		485716791FFC2A9C00C2AE7F /* Debug */ = {
			isa = XCBuildConfiguration;
			buildSettings = {
				ALWAYS_SEARCH_USER_PATHS = NO;
				CLANG_ANALYZER_NONNULL = YES;
				CLANG_ANALYZER_NUMBER_OBJECT_CONVERSION = YES_AGGRESSIVE;
				CLANG_CXX_LANGUAGE_STANDARD = "gnu++14";
				CLANG_CXX_LIBRARY = "libc++";
				CLANG_ENABLE_MODULES = YES;
				CLANG_ENABLE_OBJC_ARC = YES;
				CLANG_WARN_BLOCK_CAPTURE_AUTORELEASING = YES;
				CLANG_WARN_BOOL_CONVERSION = YES;
				CLANG_WARN_COMMA = YES;
				CLANG_WARN_CONSTANT_CONVERSION = YES;
				CLANG_WARN_DEPRECATED_OBJC_IMPLEMENTATIONS = YES;
				CLANG_WARN_DIRECT_OBJC_ISA_USAGE = YES_ERROR;
				CLANG_WARN_DOCUMENTATION_COMMENTS = YES;
				CLANG_WARN_EMPTY_BODY = YES;
				CLANG_WARN_ENUM_CONVERSION = YES;
				CLANG_WARN_INFINITE_RECURSION = YES;
				CLANG_WARN_INT_CONVERSION = YES;
				CLANG_WARN_NON_LITERAL_NULL_CONVERSION = YES;
				CLANG_WARN_OBJC_IMPLICIT_RETAIN_SELF = YES;
				CLANG_WARN_OBJC_LITERAL_CONVERSION = YES;
				CLANG_WARN_OBJC_ROOT_CLASS = YES_ERROR;
				CLANG_WARN_RANGE_LOOP_ANALYSIS = YES;
				CLANG_WARN_STRICT_PROTOTYPES = YES;
				CLANG_WARN_SUSPICIOUS_MOVE = YES;
				CLANG_WARN_UNGUARDED_AVAILABILITY = YES_AGGRESSIVE;
				CLANG_WARN_UNREACHABLE_CODE = YES;
				CLANG_WARN__DUPLICATE_METHOD_MATCH = YES;
				CODE_SIGN_IDENTITY = "-";
				COPY_PHASE_STRIP = NO;
				DEBUG_INFORMATION_FORMAT = dwarf;
				ENABLE_STRICT_OBJC_MSGSEND = YES;
				ENABLE_TESTABILITY = YES;
				GCC_C_LANGUAGE_STANDARD = gnu11;
				GCC_DYNAMIC_NO_PIC = NO;
				GCC_NO_COMMON_BLOCKS = YES;
				GCC_OPTIMIZATION_LEVEL = 0;
				GCC_PREPROCESSOR_DEFINITIONS = (
					"DEBUG=1",
					"$(inherited)",
				);
				GCC_WARN_64_TO_32_BIT_CONVERSION = YES;
				GCC_WARN_ABOUT_RETURN_TYPE = YES_ERROR;
				GCC_WARN_UNDECLARED_SELECTOR = YES;
				GCC_WARN_UNINITIALIZED_AUTOS = YES_AGGRESSIVE;
				GCC_WARN_UNUSED_FUNCTION = YES;
				GCC_WARN_UNUSED_VARIABLE = YES;
				MACOSX_DEPLOYMENT_TARGET = 10.12;
				MTL_ENABLE_DEBUG_INFO = YES;
				ONLY_ACTIVE_ARCH = YES;
				SDKROOT = macosx;
			};
			name = Debug;
		};
		4857167A1FFC2A9C00C2AE7F /* Release */ = {
			isa = XCBuildConfiguration;
			buildSettings = {
				ALWAYS_SEARCH_USER_PATHS = NO;
				CLANG_ANALYZER_NONNULL = YES;
				CLANG_ANALYZER_NUMBER_OBJECT_CONVERSION = YES_AGGRESSIVE;
				CLANG_CXX_LANGUAGE_STANDARD = "gnu++14";
				CLANG_CXX_LIBRARY = "libc++";
				CLANG_ENABLE_MODULES = YES;
				CLANG_ENABLE_OBJC_ARC = YES;
				CLANG_WARN_BLOCK_CAPTURE_AUTORELEASING = YES;
				CLANG_WARN_BOOL_CONVERSION = YES;
				CLANG_WARN_COMMA = YES;
				CLANG_WARN_CONSTANT_CONVERSION = YES;
				CLANG_WARN_DEPRECATED_OBJC_IMPLEMENTATIONS = YES;
				CLANG_WARN_DIRECT_OBJC_ISA_USAGE = YES_ERROR;
				CLANG_WARN_DOCUMENTATION_COMMENTS = YES;
				CLANG_WARN_EMPTY_BODY = YES;
				CLANG_WARN_ENUM_CONVERSION = YES;
				CLANG_WARN_INFINITE_RECURSION = YES;
				CLANG_WARN_INT_CONVERSION = YES;
				CLANG_WARN_NON_LITERAL_NULL_CONVERSION = YES;
				CLANG_WARN_OBJC_IMPLICIT_RETAIN_SELF = YES;
				CLANG_WARN_OBJC_LITERAL_CONVERSION = YES;
				CLANG_WARN_OBJC_ROOT_CLASS = YES_ERROR;
				CLANG_WARN_RANGE_LOOP_ANALYSIS = YES;
				CLANG_WARN_STRICT_PROTOTYPES = YES;
				CLANG_WARN_SUSPICIOUS_MOVE = YES;
				CLANG_WARN_UNGUARDED_AVAILABILITY = YES_AGGRESSIVE;
				CLANG_WARN_UNREACHABLE_CODE = YES;
				CLANG_WARN__DUPLICATE_METHOD_MATCH = YES;
				CODE_SIGN_IDENTITY = "-";
				COPY_PHASE_STRIP = NO;
				DEBUG_INFORMATION_FORMAT = "dwarf-with-dsym";
				ENABLE_NS_ASSERTIONS = NO;
				ENABLE_STRICT_OBJC_MSGSEND = YES;
				GCC_C_LANGUAGE_STANDARD = gnu11;
				GCC_NO_COMMON_BLOCKS = YES;
				GCC_WARN_64_TO_32_BIT_CONVERSION = YES;
				GCC_WARN_ABOUT_RETURN_TYPE = YES_ERROR;
				GCC_WARN_UNDECLARED_SELECTOR = YES;
				GCC_WARN_UNINITIALIZED_AUTOS = YES_AGGRESSIVE;
				GCC_WARN_UNUSED_FUNCTION = YES;
				GCC_WARN_UNUSED_VARIABLE = YES;
				MACOSX_DEPLOYMENT_TARGET = 10.12;
				MTL_ENABLE_DEBUG_INFO = NO;
				SDKROOT = macosx;
			};
			name = Release;
		};
		4857167C1FFC2A9C00C2AE7F /* Debug */ = {
			isa = XCBuildConfiguration;
			buildSettings = {
				CODE_SIGN_STYLE = Automatic;
				MACOSX_DEPLOYMENT_TARGET = 10.9;
				PRODUCT_NAME = "$(TARGET_NAME)";
			};
			name = Debug;
		};
		4857167D1FFC2A9C00C2AE7F /* Release */ = {
			isa = XCBuildConfiguration;
			buildSettings = {
				CODE_SIGN_STYLE = Automatic;
				MACOSX_DEPLOYMENT_TARGET = 10.9;
				PRODUCT_NAME = "$(TARGET_NAME)";
			};
			name = Release;
		};
/* End XCBuildConfiguration section */

/* Begin XCConfigurationList section */
		4857166F1FFC2A9B00C2AE7F /* Build configuration list for PBXProject "GetCurrentTrack" */ = {
			isa = XCConfigurationList;
			buildConfigurations = (
				485716791FFC2A9C00C2AE7F /* Debug */,
				4857167A1FFC2A9C00C2AE7F /* Release */,
			);
			defaultConfigurationIsVisible = 0;
			defaultConfigurationName = Release;
		};
		4857167B1FFC2A9C00C2AE7F /* Build configuration list for PBXNativeTarget "GetCurrentTrack" */ = {
			isa = XCConfigurationList;
			buildConfigurations = (
				4857167C1FFC2A9C00C2AE7F /* Debug */,
				4857167D1FFC2A9C00C2AE7F /* Release */,
			);
			defaultConfigurationIsVisible = 0;
			defaultConfigurationName = Release;
		};
/* End XCConfigurationList section */
	};
	rootObject = 4857166C1FFC2A9B00C2AE7F /* Project object */;
}
